
Microsoft Visual Studio Solution File, Format Version 12.00
# Visual Studio Version 17
VisualStudioVersion = 17.9.34902.65
MinimumVisualStudioVersion = 10.0.40219.1
Project("{8BC9CEB8-8B4A-11D0-8D11-00A0C91BC942}") = "Game", "Game\Game.vcxproj", "{E0C9A102-6DF7-4D4E-8121-50FD801804BB}"
EndProject
Project("{8BC9CEB8-8B4A-11D0-8D11-00A0C91BC942}") = "Log", "Log\Log.vcxproj", "{544611B3-E0DB-4C8D-AFD7-F2AF978839FB}"
EndProject
Project("{8BC9CEB8-8B4A-11D0-8D11-00A0C91BC942}") = "Core", "Core\Core.vcxproj", "{4AF594F9-7244-438E-A0B1-E38CE0C97A7C}"
EndProject
Global
	GlobalSection(SolutionConfigurationPlatforms) = preSolution
		Debug|x64 = Debug|x64
		Debug|x86 = Debug|x86
		Release|x64 = Release|x64
		Release|x86 = Release|x86
	EndGlobalSection
	GlobalSection(ProjectConfigurationPlatforms) = postSolution
		{E0C9A102-6DF7-4D4E-8121-50FD801804BB}.Debug|x64.ActiveCfg = Debug|x64
		{E0C9A102-6DF7-4D4E-8121-50FD801804BB}.Debug|x64.Build.0 = Debug|x64
		{E0C9A102-6DF7-4D4E-8121-50FD801804BB}.Debug|x86.ActiveCfg = Debug|Win32
		{E0C9A102-6DF7-4D4E-8121-50FD801804BB}.Debug|x86.Build.0 = Debug|Win32
		{E0C9A102-6DF7-4D4E-8121-50FD801804BB}.Release|x64.ActiveCfg = Release|x64
		{E0C9A102-6DF7-4D4E-8121-50FD801804BB}.Release|x64.Build.0 = Release|x64
		{E0C9A102-6DF7-4D4E-8121-50FD801804BB}.Release|x86.ActiveCfg = Release|Win32
		{E0C9A102-6DF7-4D4E-8121-50FD801804BB}.Release|x86.Build.0 = Release|Win32
		{544611B3-E0DB-4C8D-AFD7-F2AF978839FB}.Debug|x64.ActiveCfg = Debug|x64
		{544611B3-E0DB-4C8D-AFD7-F2AF978839FB}.Debug|x64.Build.0 = Debug|x64
		{544611B3-E0DB-4C8D-AFD7-F2AF978839FB}.Debug|x86.ActiveCfg = Debug|Win32
		{544611B3-E0DB-4C8D-AFD7-F2AF978839FB}.Debug|x86.Build.0 = Debug|Win32
		{544611B3-E0DB-4C8D-AFD7-F2AF978839FB}.Release|x64.ActiveCfg = Release|x64
		{544611B3-E0DB-4C8D-AFD7-F2AF978839FB}.Release|x64.Build.0 = Release|x64
		{544611B3-E0DB-4C8D-AFD7-F2AF978839FB}.Release|x86.ActiveCfg = Release|Win32
		{544611B3-E0DB-4C8D-AFD7-F2AF978839FB}.Release|x86.Build.0 = Release|Win32
		{4AF594F9-7244-438E-A0B1-E38CE0C97A7C}.Debug|x64.ActiveCfg = Debug|x64
		{4AF594F9-7244-438E-A0B1-E38CE0C97A7C}.Debug|x64.Build.0 = Debug|x64
		{4AF594F9-7244-438E-A0B1-E38CE0C97A7C}.Debug|x86.ActiveCfg = Debug|Win32
		{4AF594F9-7244-438E-A0B1-E38CE0C97A7C}.Debug|x86.Build.0 = Debug|Win32
		{4AF594F9-7244-438E-A0B1-E38CE0C97A7C}.Release|x64.ActiveCfg = Release|x64
		{4AF594F9-7244-438E-A0B1-E38CE0C97A7C}.Release|x64.Build.0 = Release|x64
		{4AF594F9-7244-438E-A0B1-E38CE0C97A7C}.Release|x86.ActiveCfg = Release|Win32
		{4AF594F9-7244-438E-A0B1-E38CE0C97A7C}.Release|x86.Build.0 = Release|Win32
	EndGlobalSection
	GlobalSection(SolutionProperties) = preSolution
		HideSolutionNode = FALSE
	EndGlobalSection
	GlobalSection(ExtensibilityGlobals) = postSolution
		SolutionGuid = {0503141E-1370-49CA-B4F6-F323EDDD79FC}
	EndGlobalSection
EndGlobal
