<?xml version="1.0" encoding="utf-8"?>
<Project ToolsVersion="4.0" xmlns="http://schemas.microsoft.com/developer/msbuild/2003">
  <ItemGroup>
    <Filter Include="Main">
      <UniqueIdentifier>{fb2dc7b6-69b7-4fee-85e8-a650618e71da}</UniqueIdentifier>
    </Filter>
    <Filter Include="Network">
      <UniqueIdentifier>{c29b692f-f3f4-4a00-a197-e20cfb62efe5}</UniqueIdentifier>
    </Filter>
    <Filter Include="Config">
      <UniqueIdentifier>{c53d48e4-14d8-422a-ba6c-04f8bc72d210}</UniqueIdentifier>
    </Filter>
  </ItemGroup>
  <ItemGroup>
    <ClCompile Include="Main.cpp">
      <Filter>Main</Filter>
    </ClCompile>
    <ClCompile Include="BaseServer.cpp">
      <Filter>Network</Filter>
    </ClCompile>
    <ClCompile Include="ConfigParser.cpp">
      <Filter>Config</Filter>
    </ClCompile>
  </ItemGroup>
  <ItemGroup>
    <ClInclude Include="BaseServer.h">
      <Filter>Network</Filter>
    </ClInclude>
    <ClInclude Include="ConfigParser.h">
      <Filter>Config</Filter>
    </ClInclude>
    <ClInclude Include="Language.h">
      <Filter>Config</Filter>
    </ClInclude>
  </ItemGroup>
</Project>